{
  "name": "remove-duplicates",
  "version": "0.1.0",
  "lockfileVersion": 1,
  "requires": true,
  "dependencies": {
    "bs-fetch": {
      "version": "0.3.1",
      "resolved": "https://registry.npmjs.org/bs-fetch/-/bs-fetch-0.3.1.tgz",
      "integrity": "sha512-MxwnuuXPldXnoCtlpeN5JNbbmb1tVgsqpLfVunvuMLAIQNyP0TqoImHiQRTz38PBSN8/iX+2yVlm+PFJfnHHiA=="
    },
    "bs-node": {
      "version": "github:francjpd/bs-node#43e52ebab79efad4641d8b55a2cda123bcf79e26",
      "from": "github:francjpd/bs-node#feature/fs"
    },
    "bs-platform": {
      "version": "4.0.7",
      "resolved": "https://registry.npmjs.org/bs-platform/-/bs-platform-4.0.7.tgz",
      "integrity": "sha512-39ZXSugB03PznE7eSVwxq5z4S8Cn44r22T2eFd7rgFQ94HaB/mCNHXG0epF3mJLYhhhyPT9w3e/t+FAIjSdAkg==",
      "dev": true
    }
  }
}
